
Microsoft Visual Studio Solution File, Format Version 12.00
# Visual Studio 15
VisualStudioVersion = 15.0.27004.2006
MinimumVisualStudioVersion = 10.0.40219.1
Project("{FAE04EC0-301F-11D3-BF4B-00C04F79EFBC}") = "WanboServer", "WanboServer\WanboServer.csproj", "{9E269102-90D4-4BF8-A0D6-9CF4E2FA490C}"
EndProject
Project("{FAE04EC0-301F-11D3-BF4B-00C04F79EFBC}") = "HexiUtils", "Utils\HexiUtils.csproj", "{C919FF5D-AEDA-420D-A8B5-F52B474D979E}"
EndProject
Global
	GlobalSection(SolutionConfigurationPlatforms) = preSolution
		Debug|Any CPU = Debug|Any CPU
		Release|Any CPU = Release|Any CPU
	EndGlobalSection
	GlobalSection(ProjectConfigurationPlatforms) = postSolution
		{9E269102-90D4-4BF8-A0D6-9CF4E2FA490C}.Debug|Any CPU.ActiveCfg = Debug|Any CPU
		{9E269102-90D4-4BF8-A0D6-9CF4E2FA490C}.Debug|Any CPU.Build.0 = Debug|Any CPU
		{9E269102-90D4-4BF8-A0D6-9CF4E2FA490C}.Release|Any CPU.ActiveCfg = Release|Any CPU
		{9E269102-90D4-4BF8-A0D6-9CF4E2FA490C}.Release|Any CPU.Build.0 = Release|Any CPU
		{C919FF5D-AEDA-420D-A8B5-F52B474D979E}.Debug|Any CPU.ActiveCfg = Debug|Any CPU
		{C919FF5D-AEDA-420D-A8B5-F52B474D979E}.Debug|Any CPU.Build.0 = Debug|Any CPU
		{C919FF5D-AEDA-420D-A8B5-F52B474D979E}.Release|Any CPU.ActiveCfg = Release|Any CPU
		{C919FF5D-AEDA-420D-A8B5-F52B474D979E}.Release|Any CPU.Build.0 = Release|Any CPU
	EndGlobalSection
	GlobalSection(SolutionProperties) = preSolution
		HideSolutionNode = FALSE
	EndGlobalSection
	GlobalSection(ExtensibilityGlobals) = postSolution
		SolutionGuid = {2D8E08B3-1B59-45B3-B9D0-55A039F8C4BC}
	EndGlobalSection
EndGlobal
